
Microsoft Visual Studio Solution File, Format Version 12.00
# Visual Studio Version 16
VisualStudioVersion = 16.0.31515.178
MinimumVisualStudioVersion = 10.0.40219.1
Project("{FAE04EC0-301F-11D3-BF4B-00C04F79EFBC}") = "PORFAVORFUNCIONA3", "PORFAVORFUNCIONA3\PORFAVORFUNCIONA3.csproj", "{653A0D27-9F1F-498D-B000-25A8315D79E3}"
EndProject
Global
	GlobalSection(SolutionConfigurationPlatforms) = preSolution
		Debug|Any CPU = Debug|Any CPU
		Release|Any CPU = Release|Any CPU
	EndGlobalSection
	GlobalSection(ProjectConfigurationPlatforms) = postSolution
		{653A0D27-9F1F-498D-B000-25A8315D79E3}.Debug|Any CPU.ActiveCfg = Debug|Any CPU
		{653A0D27-9F1F-498D-B000-25A8315D79E3}.Debug|Any CPU.Build.0 = Debug|Any CPU
		{653A0D27-9F1F-498D-B000-25A8315D79E3}.Release|Any CPU.ActiveCfg = Release|Any CPU
		{653A0D27-9F1F-498D-B000-25A8315D79E3}.Release|Any CPU.Build.0 = Release|Any CPU
	EndGlobalSection
	GlobalSection(SolutionProperties) = preSolution
		HideSolutionNode = FALSE
	EndGlobalSection
	GlobalSection(ExtensibilityGlobals) = postSolution
		SolutionGuid = {0BD679EC-8DA0-438A-BC9F-BBC0F9C9F833}
	EndGlobalSection
EndGlobal
